
Microsoft Visual Studio Solution File, Format Version 12.00
# Visual Studio Version 17
VisualStudioVersion = 17.2.32519.379
MinimumVisualStudioVersion = 10.0.40219.1
Project("{FAE04EC0-301F-11D3-BF4B-00C04F79EFBC}") = "OOP lab sheet 2", "OOP lab sheet 2\OOP lab sheet 2.csproj", "{3C6B60E0-C47A-48C2-BA46-09C543268E69}"
EndProject
Global
	GlobalSection(SolutionConfigurationPlatforms) = preSolution
		Debug|Any CPU = Debug|Any CPU
		Release|Any CPU = Release|Any CPU
	EndGlobalSection
	GlobalSection(ProjectConfigurationPlatforms) = postSolution
		{3C6B60E0-C47A-48C2-BA46-09C543268E69}.Debug|Any CPU.ActiveCfg = Debug|Any CPU
		{3C6B60E0-C47A-48C2-BA46-09C543268E69}.Debug|Any CPU.Build.0 = Debug|Any CPU
		{3C6B60E0-C47A-48C2-BA46-09C543268E69}.Release|Any CPU.ActiveCfg = Release|Any CPU
		{3C6B60E0-C47A-48C2-BA46-09C543268E69}.Release|Any CPU.Build.0 = Release|Any CPU
	EndGlobalSection
	GlobalSection(SolutionProperties) = preSolution
		HideSolutionNode = FALSE
	EndGlobalSection
	GlobalSection(ExtensibilityGlobals) = postSolution
		SolutionGuid = {11352BAA-7C29-40DE-A592-36F88509087A}
	EndGlobalSection
EndGlobal
